// !$*UTF8*$!
{
	archiveVersion = 1;
	classes = {
	};
	objectVersion = 48;
	objects = {

/* Begin PBXBuildFile section */
		A5CD7C53208AB4060021C1BF /* AppDelegate.swift in Sources */ = {isa = PBXBuildFile; fileRef = A5CD7C52208AB4060021C1BF /* AppDelegate.swift */; };
		A5CD7C55208AB4060021C1BF /* ViewController.swift in Sources */ = {isa = PBXBuildFile; fileRef = A5CD7C54208AB4060021C1BF /* ViewController.swift */; };
		A5CD7C58208AB4060021C1BF /* Main.storyboard in Resources */ = {isa = PBXBuildFile; fileRef = A5CD7C56208AB4060021C1BF /* Main.storyboard */; };
		A5CD7C5A208AB4060021C1BF /* Assets.xcassets in Resources */ = {isa = PBXBuildFile; fileRef = A5CD7C59208AB4060021C1BF /* Assets.xcassets */; };
		A5CD7C5D208AB4060021C1BF /* LaunchScreen.storyboard in Resources */ = {isa = PBXBuildFile; fileRef = A5CD7C5B208AB4060021C1BF /* LaunchScreen.storyboard */; };
/* End PBXBuildFile section */

/* Begin PBXFileReference section */
		A5CD7C4F208AB4060021C1BF /* onBoardingWithAnimationChain.app */ = {isa = PBXFileReference; explicitFileType = wrapper.application; includeInIndex = 0; path = onBoardingWithAnimationChain.app; sourceTree = BUILT_PRODUCTS_DIR; };
		A5CD7C52208AB4060021C1BF /* AppDelegate.swift */ = {isa = PBXFileReference; lastKnownFileType = sourcecode.swift; path = AppDelegate.swift; sourceTree = "<group>"; };
		A5CD7C54208AB4060021C1BF /* ViewController.swift */ = {isa = PBXFileReference; lastKnownFileType = sourcecode.swift; path = ViewController.swift; sourceTree = "<group>"; };
		A5CD7C57208AB4060021C1BF /* Base */ = {isa = PBXFileReference; lastKnownFileType = file.storyboard; name = Base; path = Base.lproj/Main.storyboard; sourceTree = "<group>"; };
		A5CD7C59208AB4060021C1BF /* Assets.xcassets */ = {isa = PBXFileReference; lastKnownFileType = folder.assetcatalog; path = Assets.xcassets; sourceTree = "<group>"; };
		A5CD7C5C208AB4060021C1BF /* Base */ = {isa = PBXFileReference; lastKnownFileType = file.storyboard; name = Base; path = Base.lproj/LaunchScreen.storyboard; sourceTree = "<group>"; };
		A5CD7C5E208AB4060021C1BF /* Info.plist */ = {isa = PBXFileReference; lastKnownFileType = text.plist.xml; path = Info.plist; sourceTree = "<group>"; };
/* End PBXFileReference section */

/* Begin PBXFrameworksBuildPhase section */
		A5CD7C4C208AB4060021C1BF /* Frameworks */ = {
			isa = PBXFrameworksBuildPhase;
			buildActionMask = 2147483647;
			files = (
			);
			runOnlyForDeploymentPostprocessing = 0;
		};
/* End PBXFrameworksBuildPhase section */

/* Begin PBXGroup section */
		A5CD7C46208AB4050021C1BF = {
			isa = PBXGroup;
			children = (
				A5CD7C51208AB4060021C1BF /* onBoardingWithAnimationChain */,
				A5CD7C50208AB4060021C1BF /* Products */,
			);
			sourceTree = "<group>";
		};
		A5CD7C50208AB4060021C1BF /* Products */ = {
			isa = PBXGroup;
			children = (
				A5CD7C4F208AB4060021C1BF /* onBoardingWithAnimationChain.app */,
			);
			name = Products;
			sourceTree = "<group>";
		};
		A5CD7C51208AB4060021C1BF /* onBoardingWithAnimationChain */ = {
			isa = PBXGroup;
			children = (
				A5CD7C52208AB4060021C1BF /* AppDelegate.swift */,
				A5CD7C54208AB4060021C1BF /* ViewController.swift */,
				A5CD7C56208AB4060021C1BF /* Main.storyboard */,
				A5CD7C59208AB4060021C1BF /* Assets.xcassets */,
				A5CD7C5B208AB4060021C1BF /* LaunchScreen.storyboard */,
				A5CD7C5E208AB4060021C1BF /* Info.plist */,
			);
			path = onBoardingWithAnimationChain;
			sourceTree = "<group>";
		};
/* End PBXGroup section */

/* Begin PBXNativeTarget section */
		A5CD7C4E208AB4060021C1BF /* onBoardingWithAnimationChain */ = {
			isa = PBXNativeTarget;
			buildConfigurationList = A5CD7C61208AB4060021C1BF /* Build configuration list for PBXNativeTarget "onBoardingWithAnimationChain" */;
			buildPhases = (
				A5CD7C4B208AB4060021C1BF /* Sources */,
				A5CD7C4C208AB4060021C1BF /* Frameworks */,
				A5CD7C4D208AB4060021C1BF /* Resources */,
			);
			buildRules = (
			);
			dependencies = (
			);
			name = onBoardingWithAnimationChain;
			productName = onBoardingWithAnimationChain;
			productReference = A5CD7C4F208AB4060021C1BF /* onBoardingWithAnimationChain.app */;
			productType = "com.apple.product-type.application";
		};
/* End PBXNativeTarget section */

/* Begin PBXProject section */
		A5CD7C47208AB4060021C1BF /* Project object */ = {
			isa = PBXProject;
			attributes = {
				LastSwiftUpdateCheck = 0920;
				LastUpgradeCheck = 0920;
				ORGANIZATIONNAME = "Rui Mao";
				TargetAttributes = {
					A5CD7C4E208AB4060021C1BF = {
						CreatedOnToolsVersion = 9.2;
						ProvisioningStyle = Automatic;
					};
				};
			};
			buildConfigurationList = A5CD7C4A208AB4060021C1BF /* Build configuration list for PBXProject "onBoardingWithAnimationChain" */;
			compatibilityVersion = "Xcode 8.0";
			developmentRegion = en;
			hasScannedForEncodings = 0;
			knownRegions = (
				en,
				Base,
			);
			mainGroup = A5CD7C46208AB4050021C1BF;
			productRefGroup = A5CD7C50208AB4060021C1BF /* Products */;
			projectDirPath = "";
			projectRoot = "";
			targets = (
				A5CD7C4E208AB4060021C1BF /* onBoardingWithAnimationChain */,
			);
		};
/* End PBXProject section */

/* Begin PBXResourcesBuildPhase section */
		A5CD7C4D208AB4060021C1BF /* Resources */ = {
			isa = PBXResourcesBuildPhase;
			buildActionMask = 2147483647;
			files = (
				A5CD7C5D208AB4060021C1BF /* LaunchScreen.storyboard in Resources */,
				A5CD7C5A208AB4060021C1BF /* Assets.xcassets in Resources */,
				A5CD7C58208AB4060021C1BF /* Main.storyboard in Resources */,
			);
			runOnlyForDeploymentPostprocessing = 0;
		};
/* End PBXResourcesBuildPhase section */

/* Begin PBXSourcesBuildPhase section */
		A5CD7C4B208AB4060021C1BF /* Sources */ = {
			isa = PBXSourcesBuildPhase;
			buildActionMask = 2147483647;
			files = (
				A5CD7C55208AB4060021C1BF /* ViewController.swift in Sources */,
				A5CD7C53208AB4060021C1BF /* AppDelegate.swift in Sources */,
			);
			runOnlyForDeploymentPostprocessing = 0;
		};
/* End PBXSourcesBuildPhase section */

/* Begin PBXVariantGroup section */
		A5CD7C56208AB4060021C1BF /* Main.storyboard */ = {
			isa = PBXVariantGroup;
			children = (
				A5CD7C57208AB4060021C1BF /* Base */,
			);
			name = Main.storyboard;
			sourceTree = "<group>";
		};
		A5CD7C5B208AB4060021C1BF /* LaunchScreen.storyboard */ = {
			isa = PBXVariantGroup;
			children = (
				A5CD7C5C208AB4060021C1BF /* Base */,
			);
			name = LaunchScreen.storyboard;
			sourceTree = "<group>";
		};
/* End PBXVariantGroup section */

/* Begin XCBuildConfiguration section */
		A5CD7C5F208AB4060021C1BF /* Debug */ = {
			isa = XCBuildConfiguration;
			buildSettings = {
				ALWAYS_SEARCH_USER_PATHS = NO;
				CLANG_ANALYZER_NONNULL = YES;
				CLANG_ANALYZER_NUMBER_OBJECT_CONVERSION = YES_AGGRESSIVE;
				CLANG_CXX_LANGUAGE_STANDARD = "gnu++14";
				CLANG_CXX_LIBRARY = "libc++";
				CLANG_ENABLE_MODULES = YES;
				CLANG_ENABLE_OBJC_ARC = YES;
				CLANG_WARN_BLOCK_CAPTURE_AUTORELEASING = YES;
				CLANG_WARN_BOOL_CONVERSION = YES;
				CLANG_WARN_COMMA = YES;
				CLANG_WARN_CONSTANT_CONVERSION = YES;
				CLANG_WARN_DIRECT_OBJC_ISA_USAGE = YES_ERROR;
				CLANG_WARN_DOCUMENTATION_COMMENTS = YES;
				CLANG_WARN_EMPTY_BODY = YES;
				CLANG_WARN_ENUM_CONVERSION = YES;
				CLANG_WARN_INFINITE_RECURSION = YES;
				CLANG_WARN_INT_CONVERSION = YES;
				CLANG_WARN_NON_LITERAL_NULL_CONVERSION = YES;
				CLANG_WARN_OBJC_LITERAL_CONVERSION = YES;
				CLANG_WARN_OBJC_ROOT_CLASS = YES_ERROR;
				CLANG_WARN_RANGE_LOOP_ANALYSIS = YES;
				CLANG_WARN_STRICT_PROTOTYPES = YES;
				CLANG_WARN_SUSPICIOUS_MOVE = YES;
				CLANG_WARN_UNGUARDED_AVAILABILITY = YES_AGGRESSIVE;
				CLANG_WARN_UNREACHABLE_CODE = YES;
				CLANG_WARN__DUPLICATE_METHOD_MATCH = YES;
				CODE_SIGN_IDENTITY = "iPhone Developer";
				COPY_PHASE_STRIP = NO;
				DEBUG_INFORMATION_FORMAT = dwarf;
				ENABLE_STRICT_OBJC_MSGSEND = YES;
				ENABLE_TESTABILITY = YES;
				GCC_C_LANGUAGE_STANDARD = gnu11;
				GCC_DYNAMIC_NO_PIC = NO;
				GCC_NO_COMMON_BLOCKS = YES;
				GCC_OPTIMIZATION_LEVEL = 0;
				GCC_PREPROCESSOR_DEFINITIONS = (
					"DEBUG=1",
					"$(inherited)",
				);
				GCC_WARN_64_TO_32_BIT_CONVERSION = YES;
				GCC_WARN_ABOUT_RETURN_TYPE = YES_ERROR;
				GCC_WARN_UNDECLARED_SELECTOR = YES;
				GCC_WARN_UNINITIALIZED_AUTOS = YES_AGGRESSIVE;
				GCC_WARN_UNUSED_FUNCTION = YES;
				GCC_WARN_UNUSED_VARIABLE = YES;
				IPHONEOS_DEPLOYMENT_TARGET = 11.2;
				MTL_ENABLE_DEBUG_INFO = YES;
				ONLY_ACTIVE_ARCH = YES;
				SDKROOT = iphoneos;
				SWIFT_ACTIVE_COMPILATION_CONDITIONS = DEBUG;
				SWIFT_OPTIMIZATION_LEVEL = "-Onone";
			};
			name = Debug;
		};
		A5CD7C60208AB4060021C1BF /* Release */ = {
			isa = XCBuildConfiguration;
			buildSettings = {
				ALWAYS_SEARCH_USER_PATHS = NO;
				CLANG_ANALYZER_NONNULL = YES;
				CLANG_ANALYZER_NUMBER_OBJECT_CONVERSION = YES_AGGRESSIVE;
				CLANG_CXX_LANGUAGE_STANDARD = "gnu++14";
				CLANG_CXX_LIBRARY = "libc++";
				CLANG_ENABLE_MODULES = YES;
				CLANG_ENABLE_OBJC_ARC = YES;
				CLANG_WARN_BLOCK_CAPTURE_AUTORELEASING = YES;
				CLANG_WARN_BOOL_CONVERSION = YES;
				CLANG_WARN_COMMA = YES;
				CLANG_WARN_CONSTANT_CONVERSION = YES;
				CLANG_WARN_DIRECT_OBJC_ISA_USAGE = YES_ERROR;
				CLANG_WARN_DOCUMENTATION_COMMENTS = YES;
				CLANG_WARN_EMPTY_BODY = YES;
				CLANG_WARN_ENUM_CONVERSION = YES;
				CLANG_WARN_INFINITE_RECURSION = YES;
				CLANG_WARN_INT_CONVERSION = YES;
				CLANG_WARN_NON_LITERAL_NULL_CONVERSION = YES;
				CLANG_WARN_OBJC_LITERAL_CONVERSION = YES;
				CLANG_WARN_OBJC_ROOT_CLASS = YES_ERROR;
				CLANG_WARN_RANGE_LOOP_ANALYSIS = YES;
				CLANG_WARN_STRICT_PROTOTYPES = YES;
				CLANG_WARN_SUSPICIOUS_MOVE = YES;
				CLANG_WARN_UNGUARDED_AVAILABILITY = YES_AGGRESSIVE;
				CLANG_WARN_UNREACHABLE_CODE = YES;
				CLANG_WARN__DUPLICATE_METHOD_MATCH = YES;
				CODE_SIGN_IDENTITY = "iPhone Developer";
				COPY_PHASE_STRIP = NO;
				DEBUG_INFORMATION_FORMAT = "dwarf-with-dsym";
				ENABLE_NS_ASSERTIONS = NO;
				ENABLE_STRICT_OBJC_MSGSEND = YES;
				GCC_C_LANGUAGE_STANDARD = gnu11;
				GCC_NO_COMMON_BLOCKS = YES;
				GCC_WARN_64_TO_32_BIT_CONVERSION = YES;
				GCC_WARN_ABOUT_RETURN_TYPE = YES_ERROR;
				GCC_WARN_UNDECLARED_SELECTOR = YES;
				GCC_WARN_UNINITIALIZED_AUTOS = YES_AGGRESSIVE;
				GCC_WARN_UNUSED_FUNCTION = YES;
				GCC_WARN_UNUSED_VARIABLE = YES;
				IPHONEOS_DEPLOYMENT_TARGET = 11.2;
				MTL_ENABLE_DEBUG_INFO = NO;
				SDKROOT = iphoneos;
				SWIFT_OPTIMIZATION_LEVEL = "-Owholemodule";
				VALIDATE_PRODUCT = YES;
			};
			name = Release;
		};
		A5CD7C62208AB4060021C1BF /* Debug */ = {
			isa = XCBuildConfiguration;
			buildSettings = {
				ASSETCATALOG_COMPILER_APPICON_NAME = AppIcon;
				CODE_SIGN_STYLE = Automatic;
				DEVELOPMENT_TEAM = BDVS636UPQ;
				INFOPLIST_FILE = onBoardingWithAnimationChain/Info.plist;
				LD_RUNPATH_SEARCH_PATHS = "$(inherited) @executable_path/Frameworks";
				PRODUCT_BUNDLE_IDENTIFIER = rmao.onBoardingWithAnimationChain;
				PRODUCT_NAME = "$(TARGET_NAME)";
				SWIFT_VERSION = 4.0;
				TARGETED_DEVICE_FAMILY = "1,2";
			};
			name = Debug;
		};
		A5CD7C63208AB4060021C1BF /* Release */ = {
			isa = XCBuildConfiguration;
			buildSettings = {
				ASSETCATALOG_COMPILER_APPICON_NAME = AppIcon;
				CODE_SIGN_STYLE = Automatic;
				DEVELOPMENT_TEAM = BDVS636UPQ;
				INFOPLIST_FILE = onBoardingWithAnimationChain/Info.plist;
				LD_RUNPATH_SEARCH_PATHS = "$(inherited) @executable_path/Frameworks";
				PRODUCT_BUNDLE_IDENTIFIER = rmao.onBoardingWithAnimationChain;
				PRODUCT_NAME = "$(TARGET_NAME)";
				SWIFT_VERSION = 4.0;
				TARGETED_DEVICE_FAMILY = "1,2";
			};
			name = Release;
		};
/* End XCBuildConfiguration section */

/* Begin XCConfigurationList section */
		A5CD7C4A208AB4060021C1BF /* Build configuration list for PBXProject "onBoardingWithAnimationChain" */ = {
			isa = XCConfigurationList;
			buildConfigurations = (
				A5CD7C5F208AB4060021C1BF /* Debug */,
				A5CD7C60208AB4060021C1BF /* Release */,
			);
			defaultConfigurationIsVisible = 0;
			defaultConfigurationName = Release;
		};
		A5CD7C61208AB4060021C1BF /* Build configuration list for PBXNativeTarget "onBoardingWithAnimationChain" */ = {
			isa = XCConfigurationList;
			buildConfigurations = (
				A5CD7C62208AB4060021C1BF /* Debug */,
				A5CD7C63208AB4060021C1BF /* Release */,
			);
			defaultConfigurationIsVisible = 0;
			defaultConfigurationName = Release;
		};
/* End XCConfigurationList section */
	};
	rootObject = A5CD7C47208AB4060021C1BF /* Project object */;
}
